
Microsoft Visual Studio Solution File, Format Version 12.00
# Visual Studio 2013
VisualStudioVersion = 12.0.40629.0
MinimumVisualStudioVersion = 10.0.40219.1
Project("{FAE04EC0-301F-11D3-BF4B-00C04F79EFBC}") = "Libre", "Libre\Libre.csproj", "{AC2FD8B3-3220-43EA-B3B8-EFEF269208E9}"
EndProject
Project("{FAE04EC0-301F-11D3-BF4B-00C04F79EFBC}") = "Libre.Test.Unit", "Libre.Test.Unit\Libre.Test.Unit.csproj", "{7F1795C3-F2BD-4489-B6C7-2209C066CAF7}"
EndProject
Project("{FAE04EC0-301F-11D3-BF4B-00C04F79EFBC}") = "TestClientApp", "TestClientApp\TestClientApp.csproj", "{128740D2-4104-497D-A0F2-AD60FEFD1FB1}"
EndProject
Project("{FAE04EC0-301F-11D3-BF4B-00C04F79EFBC}") = "NugetPackageTestClient", "NugetPackageTestClient\NugetPackageTestClient.csproj", "{F1A5F886-F4DE-4729-AEA7-D674E46E6983}"
EndProject
Global
	GlobalSection(SolutionConfigurationPlatforms) = preSolution
		Debug|Any CPU = Debug|Any CPU
		Release|Any CPU = Release|Any CPU
	EndGlobalSection
	GlobalSection(ProjectConfigurationPlatforms) = postSolution
		{AC2FD8B3-3220-43EA-B3B8-EFEF269208E9}.Debug|Any CPU.ActiveCfg = Release|Any CPU
		{AC2FD8B3-3220-43EA-B3B8-EFEF269208E9}.Debug|Any CPU.Build.0 = Release|Any CPU
		{AC2FD8B3-3220-43EA-B3B8-EFEF269208E9}.Release|Any CPU.ActiveCfg = Release|Any CPU
		{AC2FD8B3-3220-43EA-B3B8-EFEF269208E9}.Release|Any CPU.Build.0 = Release|Any CPU
		{7F1795C3-F2BD-4489-B6C7-2209C066CAF7}.Debug|Any CPU.ActiveCfg = Debug|Any CPU
		{7F1795C3-F2BD-4489-B6C7-2209C066CAF7}.Debug|Any CPU.Build.0 = Debug|Any CPU
		{7F1795C3-F2BD-4489-B6C7-2209C066CAF7}.Release|Any CPU.ActiveCfg = Release|Any CPU
		{7F1795C3-F2BD-4489-B6C7-2209C066CAF7}.Release|Any CPU.Build.0 = Release|Any CPU
		{128740D2-4104-497D-A0F2-AD60FEFD1FB1}.Debug|Any CPU.ActiveCfg = Debug|Any CPU
		{128740D2-4104-497D-A0F2-AD60FEFD1FB1}.Debug|Any CPU.Build.0 = Debug|Any CPU
		{128740D2-4104-497D-A0F2-AD60FEFD1FB1}.Release|Any CPU.ActiveCfg = Release|Any CPU
		{128740D2-4104-497D-A0F2-AD60FEFD1FB1}.Release|Any CPU.Build.0 = Release|Any CPU
		{F1A5F886-F4DE-4729-AEA7-D674E46E6983}.Debug|Any CPU.ActiveCfg = Debug|Any CPU
		{F1A5F886-F4DE-4729-AEA7-D674E46E6983}.Debug|Any CPU.Build.0 = Debug|Any CPU
		{F1A5F886-F4DE-4729-AEA7-D674E46E6983}.Release|Any CPU.ActiveCfg = Release|Any CPU
		{F1A5F886-F4DE-4729-AEA7-D674E46E6983}.Release|Any CPU.Build.0 = Release|Any CPU
	EndGlobalSection
	GlobalSection(SolutionProperties) = preSolution
		HideSolutionNode = FALSE
	EndGlobalSection
EndGlobal
